# Generated by pub
# See https://dart.dev/tools/pub/glossary#lockfile
packages:
  path_provider_android:
    dependency: "direct main"
    description:
      name: path_provider_android
      sha256: "649d091f3d016bbdd374e27b751e02e65f1ea485384ac808ddc199205a1824ac"
      url: "https://pub.dev"
    source: hosted
    version: "2.2.1"
sdks:
  dart: ">=3.12.0 <4.0.0"
  flutter: ">=3.44.0"
