# Generated by pub
# See https://dart.dev/tools/pub/glossary#lockfile
packages:
  build_runner:
    dependency: "direct main"
    description:
      name: build_runner
      sha256: "bdd639d81f8080adb95b7bec35978b35c6145b186c25dba17a29e33c2c9c9304"
      url: "https://pub.dev"
    source: hosted
    version: "2.4.13"
sdks:
  dart: ">=3.12.0 <4.0.0"
  flutter: ">=3.44.0"
