# Generated by pub
# See https://dart.dev/tools/pub/glossary#lockfile
packages:
  background_downloader:
    dependency: "direct main"
    description:
      path: "."
      ref: b4d36f88bb365faaf308ff26be7ade49bbaec859
      resolved-ref: b4d36f88bb365faaf308ff26be7ade49bbaec859
      url: "https://github.com/michelknoop21/background_downloader"
    source: git
    version: "9.5.4"
sdks:
  dart: ">=3.12.0 <4.0.0"
  flutter: ">=3.44.0"
