# Generated by pub
# See https://dart.dev/tools/pub/glossary#lockfile
packages:
  some_package:
    dependency: "direct main"
    description:
      name: some_package
      sha256: "48110ed1e95f47eff7e49a88f2211136c621bb747ca76bdcf286044bbca8fe6e"
      url: "https://pub.dev"
    source: hosted
    version: "1.0.0"
sdks:
  dart: ">=3.12.0 <4.0.0"
  flutter: ">=3.44.0"
