# Generated by pub
packages:
  connectivity_plus:
    dependency: "direct main"
    description:
      ref: aaaa1111aaaa1111aaaa1111aaaa1111aaaa1111
      resolved-ref: aaaa1111aaaa1111aaaa1111aaaa1111aaaa1111
      url: "https://example.invalid/plus_plugins"
    source: git
    version: "0.0.0"
  os_media_controls:
    dependency: "direct main"
    description:
      ref: bbbb2222bbbb2222bbbb2222bbbb2222bbbb2222
      resolved-ref: bbbb2222bbbb2222bbbb2222bbbb2222bbbb2222
      url: "https://example.invalid/media_controls"
    source: git
    version: "0.0.0"
  wakelock_plus:
    dependency: "direct main"
    description:
      ref: cccc3333cccc3333cccc3333cccc3333cccc3333
      resolved-ref: cccc3333cccc3333cccc3333cccc3333cccc3333
      url: "https://example.invalid/wakelock_plus"
    source: git
    version: "0.0.0"
  background_downloader:
    dependency: "direct main"
    description:
      ref: dddd4444dddd4444dddd4444dddd4444dddd4444
      resolved-ref: dddd4444dddd4444dddd4444dddd4444dddd4444
      url: "https://example.invalid/background_downloader"
    source: git
    version: "0.0.0"
  sentry_flutter:
    dependency: "direct main"
    description:
      ref: eeee5555eeee5555eeee5555eeee5555eeee5555
      resolved-ref: eeee5555eeee5555eeee5555eeee5555eeee5555
      url: "https://example.invalid/sentry-dart"
    source: git
    version: "0.0.0"
  auto_updater:
    dependency: "direct main"
    description:
      ref: ffff6666ffff6666ffff6666ffff6666ffff6666
      resolved-ref: ffff6666ffff6666ffff6666ffff6666ffff6666
      url: "https://example.invalid/auto_updater"
    source: git
    version: "0.0.0"
  material_symbols_icons:
    dependency: "direct main"
    description:
      ref: 0000777700007777000077770000777700007777
      resolved-ref: 0000777700007777000077770000777700007777
      url: "https://example.invalid/material_symbols_icons"
    source: git
    version: "0.0.0"
sdks:
  dart: ">=3.12.0 <4.0.0"
